
Microsoft Visual Studio Solution File, Format Version 12.00
# Visual Studio Version 17
VisualStudioVersion = 17.0.31903.59
MinimumVisualStudioVersion = 10.0.40219.1
Project("{2150E333-8FDC-42A3-9474-1A3956D46DE8}") = "ContentService", "ContentService", "{A293EB51-8455-4C98-9779-8DCC513BC9DD}"
EndProject
Project("{FAE04EC0-301F-11D3-BF4B-00C04F79EFBC}") = "ContentService", "ContentService\ContentService\ContentService.csproj", "{D44FB031-B055-45AA-BA2E-2F0F7E2214DF}"
EndProject
Project("{2150E333-8FDC-42A3-9474-1A3956D46DE8}") = "WebRequests", "WebRequests", "{1ED5FFC8-6B81-4111-B07C-51D664A348C2}"
EndProject
Project("{FAE04EC0-301F-11D3-BF4B-00C04F79EFBC}") = "WebRequests", "WebRequests\WebRequests\WebRequests.csproj", "{925711EC-7B23-4D31-AF2F-FBE177419621}"
EndProject
Global
	GlobalSection(SolutionConfigurationPlatforms) = preSolution
		Debug|Any CPU = Debug|Any CPU
		Release|Any CPU = Release|Any CPU
	EndGlobalSection
	GlobalSection(SolutionProperties) = preSolution
		HideSolutionNode = FALSE
	EndGlobalSection
	GlobalSection(ProjectConfigurationPlatforms) = postSolution
		{D44FB031-B055-45AA-BA2E-2F0F7E2214DF}.Debug|Any CPU.ActiveCfg = Debug|Any CPU
		{D44FB031-B055-45AA-BA2E-2F0F7E2214DF}.Debug|Any CPU.Build.0 = Debug|Any CPU
		{D44FB031-B055-45AA-BA2E-2F0F7E2214DF}.Release|Any CPU.ActiveCfg = Release|Any CPU
		{D44FB031-B055-45AA-BA2E-2F0F7E2214DF}.Release|Any CPU.Build.0 = Release|Any CPU
		{925711EC-7B23-4D31-AF2F-FBE177419621}.Debug|Any CPU.ActiveCfg = Debug|Any CPU
		{925711EC-7B23-4D31-AF2F-FBE177419621}.Debug|Any CPU.Build.0 = Debug|Any CPU
		{925711EC-7B23-4D31-AF2F-FBE177419621}.Release|Any CPU.ActiveCfg = Release|Any CPU
		{925711EC-7B23-4D31-AF2F-FBE177419621}.Release|Any CPU.Build.0 = Release|Any CPU
	EndGlobalSection
	GlobalSection(NestedProjects) = preSolution
		{D44FB031-B055-45AA-BA2E-2F0F7E2214DF} = {A293EB51-8455-4C98-9779-8DCC513BC9DD}
		{925711EC-7B23-4D31-AF2F-FBE177419621} = {1ED5FFC8-6B81-4111-B07C-51D664A348C2}
	EndGlobalSection
EndGlobal
